
Microsoft Visual Studio Solution File, Format Version 12.00
# Visual Studio 2017
Project("{FAE04EC0-301F-11D3-BF4B-00C04F79EFBC}") = "Spaceship", "Spaceship.csproj", "{7C86CD12-8292-CC63-3F55-42FEE8C4B492}"
EndProject
Project("{FAE04EC0-301F-11D3-BF4B-00C04F79EFBC}") = "Spaceship.Editor", "Spaceship.Editor.csproj", "{D19B3B78-2461-35E2-694B-DB86456A3A7E}"
EndProject
Global
	GlobalSection(SolutionConfigurationPlatforms) = preSolution
		Debug|Any CPU = Debug|Any CPU
		Release|Any CPU = Release|Any CPU
	EndGlobalSection
	GlobalSection(ProjectConfigurationPlatforms) = postSolution
		{7C86CD12-8292-CC63-3F55-42FEE8C4B492}.Debug|Any CPU.ActiveCfg = Debug|Any CPU
		{7C86CD12-8292-CC63-3F55-42FEE8C4B492}.Debug|Any CPU.Build.0 = Debug|Any CPU
		{7C86CD12-8292-CC63-3F55-42FEE8C4B492}.Release|Any CPU.ActiveCfg = Release|Any CPU
		{7C86CD12-8292-CC63-3F55-42FEE8C4B492}.Release|Any CPU.Build.0 = Release|Any CPU
		{D19B3B78-2461-35E2-694B-DB86456A3A7E}.Debug|Any CPU.ActiveCfg = Debug|Any CPU
		{D19B3B78-2461-35E2-694B-DB86456A3A7E}.Debug|Any CPU.Build.0 = Debug|Any CPU
		{D19B3B78-2461-35E2-694B-DB86456A3A7E}.Release|Any CPU.ActiveCfg = Release|Any CPU
		{D19B3B78-2461-35E2-694B-DB86456A3A7E}.Release|Any CPU.Build.0 = Release|Any CPU
	EndGlobalSection
	GlobalSection(SolutionProperties) = preSolution
		HideSolutionNode = FALSE
	EndGlobalSection
EndGlobal
